
Microsoft Visual Studio Solution File, Format Version 12.00
# Visual Studio 2015
Project("{FAE04EC0-301F-11D3-BF4B-00C04F79EFBC}") = "CommandUnitMenu.CSharp", "CommandUnitMenu.CSharp.csproj", "{829815A0-5F91-BA4D-4216-F92965C97104}"
EndProject
Global
	GlobalSection(SolutionConfigurationPlatforms) = preSolution
		Debug|Any CPU = Debug|Any CPU
		Release|Any CPU = Release|Any CPU
	EndGlobalSection
	GlobalSection(ProjectConfigurationPlatforms) = postSolution
		{829815A0-5F91-BA4D-4216-F92965C97104}.Debug|Any CPU.ActiveCfg = Debug|Any CPU
		{829815A0-5F91-BA4D-4216-F92965C97104}.Debug|Any CPU.Build.0 = Debug|Any CPU
		{829815A0-5F91-BA4D-4216-F92965C97104}.Release|Any CPU.ActiveCfg = Release|Any CPU
		{829815A0-5F91-BA4D-4216-F92965C97104}.Release|Any CPU.Build.0 = Release|Any CPU
	EndGlobalSection
	GlobalSection(SolutionProperties) = preSolution
		HideSolutionNode = FALSE
	EndGlobalSection
EndGlobal
